
Microsoft Visual Studio Solution File, Format Version 12.00
# Visual Studio 2012
Project("{FAE04EC0-301F-11D3-BF4B-00C04F79EFBC}") = "EntityGenerator", "EntityGenerator\EntityGenerator.csproj", "{FCB2B281-92A9-44F8-B24A-2F60CAA2ED53}"
EndProject
Project("{FAE04EC0-301F-11D3-BF4B-00C04F79EFBC}") = "CCNetPlugins", "CCNetPlugins\CCNetPlugins.csproj", "{C2089183-D42A-428F-9579-BBBB97FE3069}"
EndProject
Project("{FAE04EC0-301F-11D3-BF4B-00C04F79EFBC}") = "UploadToShareFile", "UploadToShareFile\UploadToShareFile.csproj", "{28908332-8957-4238-9B75-6F3E5DEB20E3}"
EndProject
Project("{2150E333-8FDC-42A3-9474-1A3956D46DE8}") = ".nuget", ".nuget", "{F1AC2DB1-3743-4879-BCAA-1025FB081BB7}"
	ProjectSection(SolutionItems) = preProject
		.nuget\NuGet.Config = .nuget\NuGet.Config
		.nuget\NuGet.exe = .nuget\NuGet.exe
		.nuget\NuGet.targets = .nuget\NuGet.targets
	EndProjectSection
EndProject
Global
	GlobalSection(SolutionConfigurationPlatforms) = preSolution
		Debug|Any CPU = Debug|Any CPU
		Release|Any CPU = Release|Any CPU
	EndGlobalSection
	GlobalSection(ProjectConfigurationPlatforms) = postSolution
		{FCB2B281-92A9-44F8-B24A-2F60CAA2ED53}.Debug|Any CPU.ActiveCfg = Debug|Any CPU
		{FCB2B281-92A9-44F8-B24A-2F60CAA2ED53}.Debug|Any CPU.Build.0 = Debug|Any CPU
		{FCB2B281-92A9-44F8-B24A-2F60CAA2ED53}.Release|Any CPU.ActiveCfg = Release|Any CPU
		{FCB2B281-92A9-44F8-B24A-2F60CAA2ED53}.Release|Any CPU.Build.0 = Release|Any CPU
		{C2089183-D42A-428F-9579-BBBB97FE3069}.Debug|Any CPU.ActiveCfg = Debug|Any CPU
		{C2089183-D42A-428F-9579-BBBB97FE3069}.Debug|Any CPU.Build.0 = Debug|Any CPU
		{C2089183-D42A-428F-9579-BBBB97FE3069}.Release|Any CPU.ActiveCfg = Release|Any CPU
		{C2089183-D42A-428F-9579-BBBB97FE3069}.Release|Any CPU.Build.0 = Release|Any CPU
		{28908332-8957-4238-9B75-6F3E5DEB20E3}.Debug|Any CPU.ActiveCfg = Debug|Any CPU
		{28908332-8957-4238-9B75-6F3E5DEB20E3}.Debug|Any CPU.Build.0 = Debug|Any CPU
		{28908332-8957-4238-9B75-6F3E5DEB20E3}.Release|Any CPU.ActiveCfg = Release|Any CPU
		{28908332-8957-4238-9B75-6F3E5DEB20E3}.Release|Any CPU.Build.0 = Release|Any CPU
	EndGlobalSection
	GlobalSection(SolutionProperties) = preSolution
		HideSolutionNode = FALSE
	EndGlobalSection
	GlobalSection(ExtensibilityGlobals) = postSolution
		EnterpriseLibraryConfigurationToolBinariesPath = packages\Unity.2.1.505.2\lib\NET35;packages\Unity.Interception.2.1.505.2\lib\NET35;packages\EnterpriseLibrary.Common.5.0.505.0\lib\NET35;packages\EnterpriseLibrary.Data.5.0.505.0\lib\NET35
	EndGlobalSection
EndGlobal
