
Microsoft Visual Studio Solution File, Format Version 12.00
# Visual Studio 2012
Project("{FAE04EC0-301F-11D3-BF4B-00C04F79EFBC}") = "EntityGenerator", "EntityGenerator\EntityGenerator.csproj", "{FCB2B281-92A9-44F8-B24A-2F60CAA2ED53}"
EndProject
Project("{FAE04EC0-301F-11D3-BF4B-00C04F79EFBC}") = "CCNetPlugins", "CCNetPlugins\CCNetPlugins.csproj", "{C2089183-D42A-428F-9579-BBBB97FE3069}"
EndProject
Global
	GlobalSection(SolutionConfigurationPlatforms) = preSolution
		Debug|Any CPU = Debug|Any CPU
		Release|Any CPU = Release|Any CPU
	EndGlobalSection
	GlobalSection(ProjectConfigurationPlatforms) = postSolution
		{FCB2B281-92A9-44F8-B24A-2F60CAA2ED53}.Debug|Any CPU.ActiveCfg = Debug|Any CPU
		{FCB2B281-92A9-44F8-B24A-2F60CAA2ED53}.Debug|Any CPU.Build.0 = Debug|Any CPU
		{FCB2B281-92A9-44F8-B24A-2F60CAA2ED53}.Release|Any CPU.ActiveCfg = Release|Any CPU
		{FCB2B281-92A9-44F8-B24A-2F60CAA2ED53}.Release|Any CPU.Build.0 = Release|Any CPU
		{C2089183-D42A-428F-9579-BBBB97FE3069}.Debug|Any CPU.ActiveCfg = Debug|Any CPU
		{C2089183-D42A-428F-9579-BBBB97FE3069}.Debug|Any CPU.Build.0 = Debug|Any CPU
		{C2089183-D42A-428F-9579-BBBB97FE3069}.Release|Any CPU.ActiveCfg = Release|Any CPU
		{C2089183-D42A-428F-9579-BBBB97FE3069}.Release|Any CPU.Build.0 = Release|Any CPU
	EndGlobalSection
	GlobalSection(SolutionProperties) = preSolution
		HideSolutionNode = FALSE
	EndGlobalSection
	GlobalSection(ExtensibilityGlobals) = postSolution
		EnterpriseLibraryConfigurationToolBinariesPath = packages\Unity.2.1.505.2\lib\NET35;packages\Unity.Interception.2.1.505.2\lib\NET35;packages\EnterpriseLibrary.Common.5.0.505.0\lib\NET35;packages\EnterpriseLibrary.Data.5.0.505.0\lib\NET35
	EndGlobalSection
EndGlobal
